
Microsoft Visual Studio Solution File, Format Version 12.00
# Visual Studio 15
VisualStudioVersion = 15.0.28010.2046
MinimumVisualStudioVersion = 10.0.40219.1
Project("{FAE04EC0-301F-11D3-BF4B-00C04F79EFBC}") = "Computers4UWeb", "Computers4UWeb\Computers4UWeb.csproj", "{45F7E5E2-3637-4885-9823-4168D0082258}"
EndProject
Global
	GlobalSection(SolutionConfigurationPlatforms) = preSolution
		Debug|Any CPU = Debug|Any CPU
		Release|Any CPU = Release|Any CPU
	EndGlobalSection
	GlobalSection(ProjectConfigurationPlatforms) = postSolution
		{45F7E5E2-3637-4885-9823-4168D0082258}.Debug|Any CPU.ActiveCfg = Debug|Any CPU
		{45F7E5E2-3637-4885-9823-4168D0082258}.Debug|Any CPU.Build.0 = Debug|Any CPU
		{45F7E5E2-3637-4885-9823-4168D0082258}.Release|Any CPU.ActiveCfg = Release|Any CPU
		{45F7E5E2-3637-4885-9823-4168D0082258}.Release|Any CPU.Build.0 = Release|Any CPU
	EndGlobalSection
	GlobalSection(SolutionProperties) = preSolution
		HideSolutionNode = FALSE
	EndGlobalSection
	GlobalSection(ExtensibilityGlobals) = postSolution
		SolutionGuid = {41E81950-56B7-480D-96C6-26369B0C8DE4}
	EndGlobalSection
EndGlobal
